github.com/randyzingle/sandbox v0.0.0-20200909173618-0150c83669b8 h1:ctKw+LcLGni4TJy/ajJ98j1mQYfNpxQx7U7cbjzMvro=
github.com/randyzingle/sandbox/go/greetings v0.0.0-20200908204325-1356ee44d913 h1:NbFji2faW5izrvIRWzFabdA/nOvYf/7AYaQ1qOoUe5w=
github.com/randyzingle/sandbox/go/greetings v0.0.0-20200908204325-1356ee44d913/go.mod h1:kk1+P28OQYygCLDsw5TjH+0W+F6m7bglh0lpnbdRWiQ=
