github.com/randyzingle/sandbox v0.0.0-20200908201250-78df0726affc h1:91g26Jq46vihJE+U1yClz6o26Zpd3TQ/PPrKkKaqHAQ=
github.com/randyzingle/sandbox v0.0.0-20200908204325-1356ee44d913 h1:GSO8DelTZ3/zUAZ2685Yjw0Tau5063feNZLnqWERHVY=
github.com/randyzingle/sandbox/go/greetings v0.0.0-20200908204325-1356ee44d913 h1:NbFji2faW5izrvIRWzFabdA/nOvYf/7AYaQ1qOoUe5w=
github.com/randyzingle/sandbox/go/greetings v0.0.0-20200908204325-1356ee44d913/go.mod h1:kk1+P28OQYygCLDsw5TjH+0W+F6m7bglh0lpnbdRWiQ=
